{
  "name": "stigman-concurrency",
  "version": "1.0.0",
  "lockfileVersion": 3,
  "requires": true,
  "packages": {
    "": {
      "name": "stigman-concurrency",
      "version": "1.0.0",
      "license": "ISC",
      "dependencies": {
        "@nuwcdivnpt/stig-manager-dev-modules": "github:NUWCDIVNPT/stig-manager-dev-modules#v1.0.1"
      }
    },
    "node_modules/@nuwcdivnpt/stig-manager-dev-modules": {
      "version": "1.0.1",
      "resolved": "git+ssh://git@github.com/NUWCDIVNPT/stig-manager-dev-modules.git#984ac6f5d4f454198b2a9613858ced1d2e050420",
      "license": "MIT",
      "dependencies": {
        "@trojs/openapi-dereference": "^0.2.3"
      }
    },
    "node_modules/@trojs/openapi-dereference": {
      "version": "0.2.4",
      "resolved": "https://registry.npmjs.org/@trojs/openapi-dereference/-/openapi-dereference-0.2.4.tgz",
      "integrity": "sha512-qdF2Ay7AzBKKOaR1iu78HPf52+a/rLEQZuOaj/8ZykoyCP1TUeah9zam2/5oA6WEHpif+Wx91f+JJxkaDpJkbA==",
      "license": "MIT",
      "engines": {
        "node": ">= 18.13"
      },
      "funding": {
        "type": "github",
        "url": "https://github.com/sponsors/w3nl"
      }
    }
  }
}
